
Microsoft Visual Studio Solution File, Format Version 12.00
# Visual Studio Version 17
VisualStudioVersion = 17.14.36908.2 d17.14
MinimumVisualStudioVersion = 10.0.40219.1
Project("{FAE04EC0-301F-11D3-BF4B-00C04F79EFBC}") = "l6fbpw", "l6fbpw.csproj", "{93040CEA-17A4-4F08-99A5-2AFE250598CE}"
EndProject
Global
	GlobalSection(SolutionConfigurationPlatforms) = preSolution
		Debug|Any CPU = Debug|Any CPU
		Release|Any CPU = Release|Any CPU
	EndGlobalSection
	GlobalSection(ProjectConfigurationPlatforms) = postSolution
		{93040CEA-17A4-4F08-99A5-2AFE250598CE}.Debug|Any CPU.ActiveCfg = Debug|Any CPU
		{93040CEA-17A4-4F08-99A5-2AFE250598CE}.Debug|Any CPU.Build.0 = Debug|Any CPU
		{93040CEA-17A4-4F08-99A5-2AFE250598CE}.Release|Any CPU.ActiveCfg = Release|Any CPU
		{93040CEA-17A4-4F08-99A5-2AFE250598CE}.Release|Any CPU.Build.0 = Release|Any CPU
	EndGlobalSection
	GlobalSection(SolutionProperties) = preSolution
		HideSolutionNode = FALSE
	EndGlobalSection
	GlobalSection(ExtensibilityGlobals) = postSolution
		SolutionGuid = {95104029-640B-458C-A3F1-8237010C315B}
	EndGlobalSection
EndGlobal
