
Microsoft Visual Studio Solution File, Format Version 12.00
# Visual Studio Version 17
VisualStudioVersion = 17.14.36908.2 d17.14
MinimumVisualStudioVersion = 10.0.40219.1
Project("{FAE04EC0-301F-11D3-BF4B-00C04F79EFBC}") = "l8medst", "l8medst.csproj", "{9019CB98-A968-4AB0-945A-666AB0F7785C}"
EndProject
Global
	GlobalSection(SolutionConfigurationPlatforms) = preSolution
		Debug|Any CPU = Debug|Any CPU
		Release|Any CPU = Release|Any CPU
	EndGlobalSection
	GlobalSection(ProjectConfigurationPlatforms) = postSolution
		{9019CB98-A968-4AB0-945A-666AB0F7785C}.Debug|Any CPU.ActiveCfg = Debug|Any CPU
		{9019CB98-A968-4AB0-945A-666AB0F7785C}.Debug|Any CPU.Build.0 = Debug|Any CPU
		{9019CB98-A968-4AB0-945A-666AB0F7785C}.Release|Any CPU.ActiveCfg = Release|Any CPU
		{9019CB98-A968-4AB0-945A-666AB0F7785C}.Release|Any CPU.Build.0 = Release|Any CPU
	EndGlobalSection
	GlobalSection(SolutionProperties) = preSolution
		HideSolutionNode = FALSE
	EndGlobalSection
	GlobalSection(ExtensibilityGlobals) = postSolution
		SolutionGuid = {6BA0EBDF-0F21-4C4C-BAC3-86C73C978AA1}
	EndGlobalSection
EndGlobal
